// !$*UTF8*$!
{
	archiveVersion = 1;
	classes = {
	};
	objectVersion = 48;
	objects = {

/* Begin PBXBuildFile section */
		8764976D20A05F4F003133B4 /* HSEther.a in Frameworks */ = {isa = PBXBuildFile; fileRef = 8764976C20A05F4F003133B4 /* HSEther.a */; };
		87B1061D208998BF00D58693 /* AppDelegate.m in Sources */ = {isa = PBXBuildFile; fileRef = 87B1061C208998BF00D58693 /* AppDelegate.m */; };
		87B10620208998BF00D58693 /* ViewController.m in Sources */ = {isa = PBXBuildFile; fileRef = 87B1061F208998BF00D58693 /* ViewController.m */; };
		87B10623208998BF00D58693 /* Main.storyboard in Resources */ = {isa = PBXBuildFile; fileRef = 87B10621208998BF00D58693 /* Main.storyboard */; };
		87B10625208998BF00D58693 /* Assets.xcassets in Resources */ = {isa = PBXBuildFile; fileRef = 87B10624208998BF00D58693 /* Assets.xcassets */; };
		87B10628208998BF00D58693 /* LaunchScreen.storyboard in Resources */ = {isa = PBXBuildFile; fileRef = 87B10626208998BF00D58693 /* LaunchScreen.storyboard */; };
		87B1062B208998BF00D58693 /* main.m in Sources */ = {isa = PBXBuildFile; fileRef = 87B1062A208998BF00D58693 /* main.m */; };
		87B106442089BB1300D58693 /* ethers.framework in Frameworks */ = {isa = PBXBuildFile; fileRef = 87B106422089BB1300D58693 /* ethers.framework */; };
/* End PBXBuildFile section */

/* Begin PBXFileReference section */
		8764976C20A05F4F003133B4 /* HSEther.a */ = {isa = PBXFileReference; lastKnownFileType = archive.ar; path = HSEther.a; sourceTree = "<group>"; };
		87B10618208998BF00D58693 /* HSEther.app */ = {isa = PBXFileReference; explicitFileType = wrapper.application; includeInIndex = 0; path = HSEther.app; sourceTree = BUILT_PRODUCTS_DIR; };
		87B1061B208998BF00D58693 /* AppDelegate.h */ = {isa = PBXFileReference; lastKnownFileType = sourcecode.c.h; path = AppDelegate.h; sourceTree = "<group>"; };
		87B1061C208998BF00D58693 /* AppDelegate.m */ = {isa = PBXFileReference; lastKnownFileType = sourcecode.c.objc; path = AppDelegate.m; sourceTree = "<group>"; };
		87B1061E208998BF00D58693 /* ViewController.h */ = {isa = PBXFileReference; lastKnownFileType = sourcecode.c.h; path = ViewController.h; sourceTree = "<group>"; };
		87B1061F208998BF00D58693 /* ViewController.m */ = {isa = PBXFileReference; lastKnownFileType = sourcecode.c.objc; path = ViewController.m; sourceTree = "<group>"; };
		87B10622208998BF00D58693 /* Base */ = {isa = PBXFileReference; lastKnownFileType = file.storyboard; name = Base; path = Base.lproj/Main.storyboard; sourceTree = "<group>"; };
		87B10624208998BF00D58693 /* Assets.xcassets */ = {isa = PBXFileReference; lastKnownFileType = folder.assetcatalog; path = Assets.xcassets; sourceTree = "<group>"; };
		87B10627208998BF00D58693 /* Base */ = {isa = PBXFileReference; lastKnownFileType = file.storyboard; name = Base; path = Base.lproj/LaunchScreen.storyboard; sourceTree = "<group>"; };
		87B10629208998BF00D58693 /* Info.plist */ = {isa = PBXFileReference; lastKnownFileType = text.plist.xml; path = Info.plist; sourceTree = "<group>"; };
		87B1062A208998BF00D58693 /* main.m */ = {isa = PBXFileReference; lastKnownFileType = sourcecode.c.objc; path = main.m; sourceTree = "<group>"; };
		87B106412089BB1300D58693 /* HSEther.h */ = {isa = PBXFileReference; fileEncoding = 4; lastKnownFileType = sourcecode.c.h; path = HSEther.h; sourceTree = "<group>"; };
		87B106422089BB1300D58693 /* ethers.framework */ = {isa = PBXFileReference; lastKnownFileType = wrapper.framework; path = ethers.framework; sourceTree = "<group>"; };
/* End PBXFileReference section */

/* Begin PBXFrameworksBuildPhase section */
		87B10615208998BF00D58693 /* Frameworks */ = {
			isa = PBXFrameworksBuildPhase;
			buildActionMask = 2147483647;
			files = (
				87B106442089BB1300D58693 /* ethers.framework in Frameworks */,
				8764976D20A05F4F003133B4 /* HSEther.a in Frameworks */,
			);
			runOnlyForDeploymentPostprocessing = 0;
		};
/* End PBXFrameworksBuildPhase section */

/* Begin PBXGroup section */
		87B1060F208998BF00D58693 = {
			isa = PBXGroup;
			children = (
				87B1061A208998BF00D58693 /* HSEther */,
				87B10619208998BF00D58693 /* Products */,
			);
			sourceTree = "<group>";
		};
		87B10619208998BF00D58693 /* Products */ = {
			isa = PBXGroup;
			children = (
				87B10618208998BF00D58693 /* HSEther.app */,
			);
			name = Products;
			sourceTree = "<group>";
		};
		87B1061A208998BF00D58693 /* HSEther */ = {
			isa = PBXGroup;
			children = (
				87B1063E2089BB1300D58693 /* libEther */,
				87B1061B208998BF00D58693 /* AppDelegate.h */,
				87B1061C208998BF00D58693 /* AppDelegate.m */,
				87B1061E208998BF00D58693 /* ViewController.h */,
				87B1061F208998BF00D58693 /* ViewController.m */,
				87B10621208998BF00D58693 /* Main.storyboard */,
				87B10624208998BF00D58693 /* Assets.xcassets */,
				87B10626208998BF00D58693 /* LaunchScreen.storyboard */,
				87B10629208998BF00D58693 /* Info.plist */,
				87B1062A208998BF00D58693 /* main.m */,
			);
			path = HSEther;
			sourceTree = "<group>";
		};
		87B1063E2089BB1300D58693 /* libEther */ = {
			isa = PBXGroup;
			children = (
				8764976C20A05F4F003133B4 /* HSEther.a */,
				87B1063F2089BB1300D58693 /* include */,
				87B106422089BB1300D58693 /* ethers.framework */,
			);
			path = libEther;
			sourceTree = "<group>";
		};
		87B1063F2089BB1300D58693 /* include */ = {
			isa = PBXGroup;
			children = (
				87B106402089BB1300D58693 /* HSEther */,
			);
			path = include;
			sourceTree = "<group>";
		};
		87B106402089BB1300D58693 /* HSEther */ = {
			isa = PBXGroup;
			children = (
				87B106412089BB1300D58693 /* HSEther.h */,
			);
			path = HSEther;
			sourceTree = "<group>";
		};
/* End PBXGroup section */

/* Begin PBXNativeTarget section */
		87B10617208998BF00D58693 /* HSEther */ = {
			isa = PBXNativeTarget;
			buildConfigurationList = 87B1062E208998BF00D58693 /* Build configuration list for PBXNativeTarget "HSEther" */;
			buildPhases = (
				87B10614208998BF00D58693 /* Sources */,
				87B10615208998BF00D58693 /* Frameworks */,
				87B10616208998BF00D58693 /* Resources */,
			);
			buildRules = (
			);
			dependencies = (
			);
			name = HSEther;
			productName = HSEther;
			productReference = 87B10618208998BF00D58693 /* HSEther.app */;
			productType = "com.apple.product-type.application";
		};
/* End PBXNativeTarget section */

/* Begin PBXProject section */
		87B10610208998BF00D58693 /* Project object */ = {
			isa = PBXProject;
			attributes = {
				LastUpgradeCheck = 0920;
				ORGANIZATIONNAME = com.houshuai;
				TargetAttributes = {
					87B10617208998BF00D58693 = {
						CreatedOnToolsVersion = 9.2;
						ProvisioningStyle = Automatic;
					};
				};
			};
			buildConfigurationList = 87B10613208998BF00D58693 /* Build configuration list for PBXProject "HSEther" */;
			compatibilityVersion = "Xcode 8.0";
			developmentRegion = en;
			hasScannedForEncodings = 0;
			knownRegions = (
				en,
				Base,
			);
			mainGroup = 87B1060F208998BF00D58693;
			productRefGroup = 87B10619208998BF00D58693 /* Products */;
			projectDirPath = "";
			projectRoot = "";
			targets = (
				87B10617208998BF00D58693 /* HSEther */,
			);
		};
/* End PBXProject section */

/* Begin PBXResourcesBuildPhase section */
		87B10616208998BF00D58693 /* Resources */ = {
			isa = PBXResourcesBuildPhase;
			buildActionMask = 2147483647;
			files = (
				87B10628208998BF00D58693 /* LaunchScreen.storyboard in Resources */,
				87B10625208998BF00D58693 /* Assets.xcassets in Resources */,
				87B10623208998BF00D58693 /* Main.storyboard in Resources */,
			);
			runOnlyForDeploymentPostprocessing = 0;
		};
/* End PBXResourcesBuildPhase section */

/* Begin PBXSourcesBuildPhase section */
		87B10614208998BF00D58693 /* Sources */ = {
			isa = PBXSourcesBuildPhase;
			buildActionMask = 2147483647;
			files = (
				87B10620208998BF00D58693 /* ViewController.m in Sources */,
				87B1062B208998BF00D58693 /* main.m in Sources */,
				87B1061D208998BF00D58693 /* AppDelegate.m in Sources */,
			);
			runOnlyForDeploymentPostprocessing = 0;
		};
/* End PBXSourcesBuildPhase section */

/* Begin PBXVariantGroup section */
		87B10621208998BF00D58693 /* Main.storyboard */ = {
			isa = PBXVariantGroup;
			children = (
				87B10622208998BF00D58693 /* Base */,
			);
			name = Main.storyboard;
			sourceTree = "<group>";
		};
		87B10626208998BF00D58693 /* LaunchScreen.storyboard */ = {
			isa = PBXVariantGroup;
			children = (
				87B10627208998BF00D58693 /* Base */,
			);
			name = LaunchScreen.storyboard;
			sourceTree = "<group>";
		};
/* End PBXVariantGroup section */

/* Begin XCBuildConfiguration section */
		87B1062C208998BF00D58693 /* Debug */ = {
			isa = XCBuildConfiguration;
			buildSettings = {
				ALWAYS_SEARCH_USER_PATHS = NO;
				CLANG_ANALYZER_NONNULL = YES;
				CLANG_ANALYZER_NUMBER_OBJECT_CONVERSION = YES_AGGRESSIVE;
				CLANG_CXX_LANGUAGE_STANDARD = "gnu++14";
				CLANG_CXX_LIBRARY = "libc++";
				CLANG_ENABLE_MODULES = YES;
				CLANG_ENABLE_OBJC_ARC = YES;
				CLANG_WARN_BLOCK_CAPTURE_AUTORELEASING = YES;
				CLANG_WARN_BOOL_CONVERSION = YES;
				CLANG_WARN_COMMA = YES;
				CLANG_WARN_CONSTANT_CONVERSION = YES;
				CLANG_WARN_DIRECT_OBJC_ISA_USAGE = YES_ERROR;
				CLANG_WARN_DOCUMENTATION_COMMENTS = YES;
				CLANG_WARN_EMPTY_BODY = YES;
				CLANG_WARN_ENUM_CONVERSION = YES;
				CLANG_WARN_INFINITE_RECURSION = YES;
				CLANG_WARN_INT_CONVERSION = YES;
				CLANG_WARN_NON_LITERAL_NULL_CONVERSION = YES;
				CLANG_WARN_OBJC_LITERAL_CONVERSION = YES;
				CLANG_WARN_OBJC_ROOT_CLASS = YES_ERROR;
				CLANG_WARN_RANGE_LOOP_ANALYSIS = YES;
				CLANG_WARN_STRICT_PROTOTYPES = YES;
				CLANG_WARN_SUSPICIOUS_MOVE = YES;
				CLANG_WARN_UNGUARDED_AVAILABILITY = YES_AGGRESSIVE;
				CLANG_WARN_UNREACHABLE_CODE = YES;
				CLANG_WARN__DUPLICATE_METHOD_MATCH = YES;
				CODE_SIGN_IDENTITY = "iPhone Developer";
				COPY_PHASE_STRIP = NO;
				DEBUG_INFORMATION_FORMAT = dwarf;
				ENABLE_STRICT_OBJC_MSGSEND = YES;
				ENABLE_TESTABILITY = YES;
				GCC_C_LANGUAGE_STANDARD = gnu11;
				GCC_DYNAMIC_NO_PIC = NO;
				GCC_NO_COMMON_BLOCKS = YES;
				GCC_OPTIMIZATION_LEVEL = 0;
				GCC_PREPROCESSOR_DEFINITIONS = (
					"DEBUG=1",
					"$(inherited)",
				);
				GCC_WARN_64_TO_32_BIT_CONVERSION = YES;
				GCC_WARN_ABOUT_RETURN_TYPE = YES_ERROR;
				GCC_WARN_UNDECLARED_SELECTOR = YES;
				GCC_WARN_UNINITIALIZED_AUTOS = YES_AGGRESSIVE;
				GCC_WARN_UNUSED_FUNCTION = YES;
				GCC_WARN_UNUSED_VARIABLE = YES;
				IPHONEOS_DEPLOYMENT_TARGET = 11.2;
				MTL_ENABLE_DEBUG_INFO = YES;
				ONLY_ACTIVE_ARCH = YES;
				SDKROOT = iphoneos;
			};
			name = Debug;
		};
		87B1062D208998BF00D58693 /* Release */ = {
			isa = XCBuildConfiguration;
			buildSettings = {
				ALWAYS_SEARCH_USER_PATHS = NO;
				CLANG_ANALYZER_NONNULL = YES;
				CLANG_ANALYZER_NUMBER_OBJECT_CONVERSION = YES_AGGRESSIVE;
				CLANG_CXX_LANGUAGE_STANDARD = "gnu++14";
				CLANG_CXX_LIBRARY = "libc++";
				CLANG_ENABLE_MODULES = YES;
				CLANG_ENABLE_OBJC_ARC = YES;
				CLANG_WARN_BLOCK_CAPTURE_AUTORELEASING = YES;
				CLANG_WARN_BOOL_CONVERSION = YES;
				CLANG_WARN_COMMA = YES;
				CLANG_WARN_CONSTANT_CONVERSION = YES;
				CLANG_WARN_DIRECT_OBJC_ISA_USAGE = YES_ERROR;
				CLANG_WARN_DOCUMENTATION_COMMENTS = YES;
				CLANG_WARN_EMPTY_BODY = YES;
				CLANG_WARN_ENUM_CONVERSION = YES;
				CLANG_WARN_INFINITE_RECURSION = YES;
				CLANG_WARN_INT_CONVERSION = YES;
				CLANG_WARN_NON_LITERAL_NULL_CONVERSION = YES;
				CLANG_WARN_OBJC_LITERAL_CONVERSION = YES;
				CLANG_WARN_OBJC_ROOT_CLASS = YES_ERROR;
				CLANG_WARN_RANGE_LOOP_ANALYSIS = YES;
				CLANG_WARN_STRICT_PROTOTYPES = YES;
				CLANG_WARN_SUSPICIOUS_MOVE = YES;
				CLANG_WARN_UNGUARDED_AVAILABILITY = YES_AGGRESSIVE;
				CLANG_WARN_UNREACHABLE_CODE = YES;
				CLANG_WARN__DUPLICATE_METHOD_MATCH = YES;
				CODE_SIGN_IDENTITY = "iPhone Developer";
				COPY_PHASE_STRIP = NO;
				DEBUG_INFORMATION_FORMAT = "dwarf-with-dsym";
				ENABLE_NS_ASSERTIONS = NO;
				ENABLE_STRICT_OBJC_MSGSEND = YES;
				GCC_C_LANGUAGE_STANDARD = gnu11;
				GCC_NO_COMMON_BLOCKS = YES;
				GCC_WARN_64_TO_32_BIT_CONVERSION = YES;
				GCC_WARN_ABOUT_RETURN_TYPE = YES_ERROR;
				GCC_WARN_UNDECLARED_SELECTOR = YES;
				GCC_WARN_UNINITIALIZED_AUTOS = YES_AGGRESSIVE;
				GCC_WARN_UNUSED_FUNCTION = YES;
				GCC_WARN_UNUSED_VARIABLE = YES;
				IPHONEOS_DEPLOYMENT_TARGET = 11.2;
				MTL_ENABLE_DEBUG_INFO = NO;
				SDKROOT = iphoneos;
				VALIDATE_PRODUCT = YES;
			};
			name = Release;
		};
		87B1062F208998BF00D58693 /* Debug */ = {
			isa = XCBuildConfiguration;
			buildSettings = {
				ASSETCATALOG_COMPILER_APPICON_NAME = AppIcon;
				CODE_SIGN_STYLE = Automatic;
				DEVELOPMENT_TEAM = VMU346QXHU;
				FRAMEWORK_SEARCH_PATHS = (
					"$(inherited)",
					"$(PROJECT_DIR)/HSEther/HSEtherLib",
					"$(PROJECT_DIR)/HSEther/libEther",
				);
				INFOPLIST_FILE = HSEther/Info.plist;
				IPHONEOS_DEPLOYMENT_TARGET = 10.0;
				LD_RUNPATH_SEARCH_PATHS = "$(inherited) @executable_path/Frameworks";
				LIBRARY_SEARCH_PATHS = (
					"$(inherited)",
					"$(PROJECT_DIR)/HSEther/HSEtherLib",
					"$(PROJECT_DIR)/HSEther/libEther",
				);
				PRODUCT_BUNDLE_IDENTIFIER = com.houshuai.HSEther;
				PRODUCT_NAME = "$(TARGET_NAME)";
				TARGETED_DEVICE_FAMILY = "1,2";
				VALID_ARCHS = "arm64 armv7s";
			};
			name = Debug;
		};
		87B10630208998BF00D58693 /* Release */ = {
			isa = XCBuildConfiguration;
			buildSettings = {
				ASSETCATALOG_COMPILER_APPICON_NAME = AppIcon;
				CODE_SIGN_STYLE = Automatic;
				DEVELOPMENT_TEAM = VMU346QXHU;
				FRAMEWORK_SEARCH_PATHS = (
					"$(inherited)",
					"$(PROJECT_DIR)/HSEther/HSEtherLib",
					"$(PROJECT_DIR)/HSEther/libEther",
				);
				INFOPLIST_FILE = HSEther/Info.plist;
				IPHONEOS_DEPLOYMENT_TARGET = 10.0;
				LD_RUNPATH_SEARCH_PATHS = "$(inherited) @executable_path/Frameworks";
				LIBRARY_SEARCH_PATHS = (
					"$(inherited)",
					"$(PROJECT_DIR)/HSEther/HSEtherLib",
					"$(PROJECT_DIR)/HSEther/libEther",
				);
				PRODUCT_BUNDLE_IDENTIFIER = com.houshuai.HSEther;
				PRODUCT_NAME = "$(TARGET_NAME)";
				TARGETED_DEVICE_FAMILY = "1,2";
				VALID_ARCHS = "arm64 armv7s";
			};
			name = Release;
		};
/* End XCBuildConfiguration section */

/* Begin XCConfigurationList section */
		87B10613208998BF00D58693 /* Build configuration list for PBXProject "HSEther" */ = {
			isa = XCConfigurationList;
			buildConfigurations = (
				87B1062C208998BF00D58693 /* Debug */,
				87B1062D208998BF00D58693 /* Release */,
			);
			defaultConfigurationIsVisible = 0;
			defaultConfigurationName = Release;
		};
		87B1062E208998BF00D58693 /* Build configuration list for PBXNativeTarget "HSEther" */ = {
			isa = XCConfigurationList;
			buildConfigurations = (
				87B1062F208998BF00D58693 /* Debug */,
				87B10630208998BF00D58693 /* Release */,
			);
			defaultConfigurationIsVisible = 0;
			defaultConfigurationName = Release;
		};
/* End XCConfigurationList section */
	};
	rootObject = 87B10610208998BF00D58693 /* Project object */;
}
